# This file was autogenerated by Stack.
# You should not edit this file by hand.
# For more information, please see the documentation at:
#   https://docs.haskellstack.org/en/stable/lock_files

packages:
- completed:
    cabal-file:
      size: 2132
      sha256: f5dfab8b111ac52a0555805d31403b236d4deeb15692b26963a9c63acf3f44a9
    name: slack-web
    version: 0.2.0.11
    git: https://github.com/WhoMeNope/slack-web
    pantry-tree:
      size: 1524
      sha256: 551d9141eff273ba29bc5b59f157e932837aa40c246c7ce2dcd41d966e8ce57e
    commit: 8b9172ccbd56b4527254be38cccb82ee155405fb
  original:
    git: https://github.com/WhoMeNope/slack-web
    commit: 8b9172ccbd56b4527254be38cccb82ee155405fb
- completed:
    hackage: aeson-1.4.6.0@sha256:560575b008a23960403a128331f0e59594786b5cd19a35be0cd74b9a7257958e,6980
    pantry-tree:
      size: 40193
      sha256: 5769473440ae594ae8679dde9fe12b6d00a49264a9dd8962a53ff3ae5740d7a5
  original:
    hackage: aeson-1.4.6.0@sha256:560575b008a23960403a128331f0e59594786b5cd19a35be0cd74b9a7257958e,6980
- completed:
    hackage: errors-2.3.0@sha256:e76c5af088c70c36f772a7e2b88a47abf327f39ee32fd18da4d4464c44463ae9,1371
    pantry-tree:
      size: 504
      sha256: 9318c85081e78208386f72762314409b0ddd73f27285d028521273c3d34a5042
  original:
    hackage: errors-2.3.0@sha256:e76c5af088c70c36f772a7e2b88a47abf327f39ee32fd18da4d4464c44463ae9,1371
- completed:
    hackage: http-api-data-0.4.1.1@sha256:6301283e18ac95f3bde796ded39269c8d3c83818fe49a1a9d4a7bc2387c453fd,3670
    pantry-tree:
      size: 887
      sha256: 988d73b48b70a6f379fdc7a5db349ab1fa3145e2e1e34b45783d417ef003a86d
  original:
    hackage: http-api-data-0.4.1.1@sha256:6301283e18ac95f3bde796ded39269c8d3c83818fe49a1a9d4a7bc2387c453fd,3670
- completed:
    hackage: http-client-0.6.4@sha256:a74b417345857d4250bdb6d4ac7fd4a89fd2ad8efab3164c1a2b843398d5c13a,5320
    pantry-tree:
      size: 2457
      sha256: fe331314b0a8d9e8ce445405831b6e802ab99d57cab1f4d265910cfcd68d3153
  original:
    hackage: http-client-0.6.4@sha256:a74b417345857d4250bdb6d4ac7fd4a89fd2ad8efab3164c1a2b843398d5c13a,5320
- completed:
    hackage: http-client-tls-0.3.5.3@sha256:c97c3d88e6318a3056e42e2cd0913d5c4bff381f83341bb6ff06865fd12c8b52,2066
    pantry-tree:
      size: 435
      sha256: b19e23dc469491661e9d1a40a9ba65ce745d4fd0143d4f9f7be824c8a5e2cee8
  original:
    hackage: http-client-tls-0.3.5.3@sha256:c97c3d88e6318a3056e42e2cd0913d5c4bff381f83341bb6ff06865fd12c8b52,2066
- completed:
    hackage: megaparsec-7.0.5@sha256:45e1f1348fab2783646fdb4d9e6097568981a740951c7356d36d794e2baba305,3902
    pantry-tree:
      size: 1428
      sha256: 1f8baf6e07326f8c8a2dd31de6b2860427f158b0892c52ba5fe9ffeb6cd3bf7f
  original:
    hackage: megaparsec-7.0.5@sha256:45e1f1348fab2783646fdb4d9e6097568981a740951c7356d36d794e2baba305,3902
- completed:
    hackage: servant-0.16.2@sha256:6c5d19d09a9dd2f2b2bf99193f944491f8374802678b79ec729e3f3ae51e216d,5867
    pantry-tree:
      size: 2604
      sha256: bee4504840cf4836326e85f1cf02584bf898188b64d976dac6c6c6793d926794
  original:
    hackage: servant-0.16.2@sha256:6c5d19d09a9dd2f2b2bf99193f944491f8374802678b79ec729e3f3ae51e216d,5867
- completed:
    hackage: servant-client-0.16.0.1@sha256:f970ad4e927530b77f52b99a175c85cfdcd1ef988083d56a1f68c6a3dafe8d51,4376
    pantry-tree:
      size: 804
      sha256: 3690a9c4dbdf8a502648c8c29029b1a0c78e53fd84db90ed388f7abbf5518c25
  original:
    hackage: servant-client-0.16.0.1@sha256:f970ad4e927530b77f52b99a175c85cfdcd1ef988083d56a1f68c6a3dafe8d51,4376
- completed:
    hackage: servant-client-core-0.16@sha256:34e28b8d59b0b61fb3c97fb61043583538016898604a67bfa3bb35f02d8e4d9c,3545
    pantry-tree:
      size: 1365
      sha256: d1a8c41b18e9648af8f1221c7747246ecde2a2ce2bae697c3c986f02a0caf857
  original:
    hackage: servant-client-core-0.16@sha256:34e28b8d59b0b61fb3c97fb61043583538016898604a67bfa3bb35f02d8e4d9c,3545
- completed:
    hackage: QuickCheck-2.13.2@sha256:ad4e5adbd1c9dc0221a44307b992cb040c515f31095182e47aa7e974bc461df1,6952
    pantry-tree:
      size: 2202
      sha256: f79eee2f6a00b2c649f993a7b358827702373cbc931ced55ebdfb59625540403
  original:
    hackage: QuickCheck-2.13.2@sha256:ad4e5adbd1c9dc0221a44307b992cb040c515f31095182e47aa7e974bc461df1,6952
- completed:
    hackage: free-5.1.3@sha256:a554ca318f7a67abde1acc59bf4ccb8e039d61cbef7921932e34e114afdc8608,4148
    pantry-tree:
      size: 3362
      sha256: 8a318ba8fe54841b776bb9443ab240450406a38c95526be9638e6f118eb3a1a2
  original:
    hackage: free-5.1.3@sha256:a554ca318f7a67abde1acc59bf4ccb8e039d61cbef7921932e34e114afdc8608,4148
- completed:
    hackage: http-types-0.12.3@sha256:f35229edb1bc7b3ae27f961b2407dadb5bfa69d43a8f5337ab46cdc79ca4afe9,2035
    pantry-tree:
      size: 833
      sha256: c9b77e1ba204fffbe4e1be80412bc48e47440a07e4b7db4cdc77d573a3e21b9a
  original:
    hackage: http-types-0.12.3@sha256:f35229edb1bc7b3ae27f961b2407dadb5bfa69d43a8f5337ab46cdc79ca4afe9,2035
- completed:
    hackage: semigroupoids-5.3.4@sha256:d2dee7be882dcb2bf1be4074951acaa0b60a34b372d1711a0bedb4305ce289ce,7363
    pantry-tree:
      size: 1990
      sha256: 7b0cfc1ed7bfeed9136cd9b7d879937a367e2619b3ec508da9effe9af198ca9f
  original:
    hackage: semigroupoids-5.3.4@sha256:d2dee7be882dcb2bf1be4074951acaa0b60a34b372d1711a0bedb4305ce289ce,7363
- completed:
    hackage: singleton-bool-0.1.5@sha256:0df3604c733618644febb8630b31f46c26ba6e71f0dcdc1c1c8fb27237644dbc,1199
    pantry-tree:
      size: 326
      sha256: f7858558cffd4ad8fdd84c82637045ebb50d8efa98f3fa5706f38b4b0bd5e52f
  original:
    hackage: singleton-bool-0.1.5@sha256:0df3604c733618644febb8630b31f46c26ba6e71f0dcdc1c1c8fb27237644dbc,1199
- completed:
    hackage: tagged-0.8.6@sha256:1f7ca84e6c88cbb923641c60041c9f56c34f1a889759cc073cdf10542b441ff9,2606
    pantry-tree:
      size: 543
      sha256: 7e03b4e4506268d8a1429fba046816d682ec98e1c61d3869ae0ce57d74574d78
  original:
    hackage: tagged-0.8.6@sha256:1f7ca84e6c88cbb923641c60041c9f56c34f1a889759cc073cdf10542b441ff9,2606
- completed:
    hackage: time-compat-1.9.2.2@sha256:ccf268e6ec91a6d9a79392697634c670c095a34a60d1ccfa1be1c84f20bb24c5,4254
    pantry-tree:
      size: 3602
      sha256: f16cc56a43fa6047ad46b23770d5a16b9c400fd8d019e9b010b766a13e8eb588
  original:
    hackage: time-compat-1.9.2.2@sha256:ccf268e6ec91a6d9a79392697634c670c095a34a60d1ccfa1be1c84f20bb24c5,4254
- completed:
    hackage: unordered-containers-0.2.10.0@sha256:5e9b095a9283d9e2f064fec73a81a6b6ea0b7fda3f219a8175785d2d2a3de204,5199
    pantry-tree:
      size: 1415
      sha256: dfc2d75f4e59c03e2c68be6909b577f26991367134eaac06a407e940e66856ae
  original:
    hackage: unordered-containers-0.2.10.0@sha256:5e9b095a9283d9e2f064fec73a81a6b6ea0b7fda3f219a8175785d2d2a3de204,5199
- completed:
    hackage: base-orphans-0.8.2@sha256:40ef37ed043aac2cbb6c538fdebfc62e601ee65ee161e4a6327452133b574d7e,2958
    pantry-tree:
      size: 1272
      sha256: f22e483c039b549ee70101e7841b14852e1417f2518f0281af46b62b3ae5d5f6
  original:
    hackage: base-orphans-0.8.2@sha256:40ef37ed043aac2cbb6c538fdebfc62e601ee65ee161e4a6327452133b574d7e,2958
- completed:
    hackage: dec-0.0.3@sha256:c0a3ddaf4c989e2a3d83f91dbe0e70db75a16aad9b24ab8312ceab8af9f2b325,1131
    pantry-tree:
      size: 212
      sha256: bb299d666b31799c4833ce0db88e72e585748eb27f1ed75e00624c3fc09a2d2d
  original:
    hackage: dec-0.0.3@sha256:c0a3ddaf4c989e2a3d83f91dbe0e70db75a16aad9b24ab8312ceab8af9f2b325,1131
- completed:
    hackage: splitmix-0.0.3@sha256:455de9326ae5bbe5492cbb140fefb04cf988501e25b204dabaf755ab67400d9d,4835
    pantry-tree:
      size: 870
      sha256: 32f9dc84cb1845c5020bc9cb5c5c56e890d54d16b0cbf9c788825abb45165499
  original:
    hackage: splitmix-0.0.3@sha256:455de9326ae5bbe5492cbb140fefb04cf988501e25b204dabaf755ab67400d9d,4835
- completed:
    hackage: json-0.10@sha256:b56b1f5f1e17d11e6bcf754ea7f0243a87e224a17608dcd20f331a1909be2e25,3188
    pantry-tree:
      size: 3190
      sha256: 37dd59020bbc7e005c97fa1ae6faa718ef801ed5bc64340c2d3b2d24d4a19890
  original:
    hackage: json-0.10@sha256:b56b1f5f1e17d11e6bcf754ea7f0243a87e224a17608dcd20f331a1909be2e25,3188
snapshots:
- completed:
    size: 506080
    url: https://raw.githubusercontent.com/commercialhaskell/stackage-snapshots/master/lts/12/16.yaml
    sha256: 8fb23cad3d4913303229b0ac8eee0b1f244b473dd0406ab3542a914ad9153e8b
  original: lts-12.16
